
Microsoft Visual Studio Solution File, Format Version 10.00
# Visual Studio 2008
Project("{2150E333-8FDC-42A3-9474-1A3956D46DE8}") = "Docs", "Docs", "{6FD19FAB-1299-42CF-8AF7-620F8D51DD2B}"
	ProjectSection(SolutionItems) = preProject
		Docs\TODO List.doc = Docs\TODO List.doc
		Docs\Алгоритм корректировки функции fi_i и набора П.doc = Docs\Алгоритм корректировки функции fi_i и набора П.doc
		Docs\Алгоритм получения структуры выпуклого многогранника по его графу.doc = Docs\Алгоритм получения структуры выпуклого многогранника по его графу.doc
		Docs\Алгоритм получения структуры выпуклого многогранника по заданным вершинам.doc = Docs\Алгоритм получения структуры выпуклого многогранника по заданным вершинам.doc
		Docs\Алгоритм построения графа выпуклого многогранника по его структуре.doc = Docs\Алгоритм построения графа выпуклого многогранника по его структуре.doc
		Docs\Алгоритм построения максимального стабильного моста.doc = Docs\Алгоритм построения максимального стабильного моста.doc
		Docs\Алгоритм триангуляции графа многогранника с выпуклыми секторами.doc = Docs\Алгоритм триангуляции графа многогранника с выпуклыми секторами.doc
		Docs\Алгоритм удаления узла из сетки Gfii.doc = Docs\Алгоритм удаления узла из сетки Gfii.doc
		Docs\Действие второго игрока - построение набора П.doc = Docs\Действие второго игрока - построение набора П.doc
		Docs\Действие первого игрока - построение сетки GFi.doc = Docs\Действие первого игрока - построение сетки GFi.doc
	EndProjectSection
EndProject
Project("{FAE04EC0-301F-11D3-BF4B-00C04F79EFBC}") = "LinearDiff3DGame.Geometry3D", "LinearDiff3DGame.Geometry3D\LinearDiff3DGame.Geometry3D.csproj", "{8F12F23F-B43E-46B8-B371-9EBC5A90A476}"
EndProject
Project("{FAE04EC0-301F-11D3-BF4B-00C04F79EFBC}") = "LinearDiff3DGame.AdvMath", "LinearDiff3DGame.AdvMath\LinearDiff3DGame.AdvMath.csproj", "{41DBD31A-D61A-4C61-908F-4D045DAF3411}"
EndProject
Project("{FAE04EC0-301F-11D3-BF4B-00C04F79EFBC}") = "LinearDiff3DGame.MaxStableBridge", "LinearDiff3DGame.MaxStableBridge\LinearDiff3DGame.MaxStableBridge.csproj", "{121D8898-2506-4351-9B19-5E7D740A7A2A}"
EndProject
Project("{FAE04EC0-301F-11D3-BF4B-00C04F79EFBC}") = "LinearDiff3DGame.MaxStableBridgeVisualizer.old", "LinearDiff3DGame.MaxStableBridgeVisualizer.old\LinearDiff3DGame.MaxStableBridgeVisualizer.old.csproj", "{7C487A98-E166-449A-8B8A-688B258BEDFC}"
EndProject
Project("{FAE04EC0-301F-11D3-BF4B-00C04F79EFBC}") = "LinearDiff3DGame.Common", "LinearDiff3DGame.Common\LinearDiff3DGame.Common.csproj", "{94D3589B-9D7F-4A53-830A-21DDEDF2BA34}"
EndProject
Project("{FAE04EC0-301F-11D3-BF4B-00C04F79EFBC}") = "LinearDiff3DGame.Test", "LinearDiff3DGame.Test\LinearDiff3DGame.Test.csproj", "{75C076F6-BA10-4D02-8FE8-A67D8450909F}"
EndProject
Project("{FAE04EC0-301F-11D3-BF4B-00C04F79EFBC}") = "LinearDiff3DGame.MaxStableBridgeVisualizer", "LinearDiff3DGame.MaxStableBridgeVisualizer\LinearDiff3DGame.MaxStableBridgeVisualizer.csproj", "{12DD17DB-6CC0-4835-A0CC-F6F62142B06B}"
EndProject
Project("{2150E333-8FDC-42A3-9474-1A3956D46DE8}") = "External", "External", "{41CD1AEA-B866-4E28-AAB4-102FDC7AF394}"
	ProjectSection(SolutionItems) = preProject
		External\nunit.framework.dll = External\nunit.framework.dll
		External\OpenGLPaintControl.dll = External\OpenGLPaintControl.dll
		External\OpenGLPaintControl.pdb = External\OpenGLPaintControl.pdb
	EndProjectSection
EndProject
Project("{FAE04EC0-301F-11D3-BF4B-00C04F79EFBC}") = "OpenGLTools", "OpenGLTools\OpenGLTools.csproj", "{9FBE092B-71EB-451B-B4B4-C70ABFA5A4F3}"
EndProject
Project("{FAE04EC0-301F-11D3-BF4B-00C04F79EFBC}") = "LinearDiff3DGame.Serialization", "LinearDiff3DGame.Serialization\LinearDiff3DGame.Serialization.csproj", "{D8591150-E2BD-42EB-A1C9-AF2392FBDEE6}"
EndProject
Project("{FAE04EC0-301F-11D3-BF4B-00C04F79EFBC}") = "LinearDiff3DGame.MaxStableBridge.Generator", "LinearDiff3DGame.MaxStableBridge.Generator\LinearDiff3DGame.MaxStableBridge.Generator.csproj", "{28E23309-BF59-4227-A07E-AB05FED028AA}"
EndProject
Project("{FAE04EC0-301F-11D3-BF4B-00C04F79EFBC}") = "LinearDiff3DGame.OpenGLVisualizer", "LinearDiff3DGame.OpenGLVisualizer\LinearDiff3DGame.OpenGLVisualizer.csproj", "{DFC4AAE8-B8EC-4EBE-A564-B2DE73111E47}"
EndProject
Project("{FAE04EC0-301F-11D3-BF4B-00C04F79EFBC}") = "LinearDiff3DGame.OpenGLVisualizerTest", "LinearDiff3DGame.OpenGLVisualizerTest\LinearDiff3DGame.OpenGLVisualizerTest.csproj", "{1DE0824F-77E7-419E-8071-44A4FE718208}"
EndProject
Project("{FAE04EC0-301F-11D3-BF4B-00C04F79EFBC}") = "OpenGLControlTest", "OpenGLControlTest\OpenGLControlTest.csproj", "{1A434F40-FBFD-4C2B-9E86-34664342BB27}"
EndProject
Project("{FAE04EC0-301F-11D3-BF4B-00C04F79EFBC}") = "LinearDiff3DGame.RobustControl", "LinearDiff3DGame.RobustControl\LinearDiff3DGame.RobustControl.csproj", "{DD32B680-FEC4-404B-AE8D-8317B17359AD}"
EndProject
Global
	GlobalSection(SolutionConfigurationPlatforms) = preSolution
		Debug|Any CPU = Debug|Any CPU
		Release|Any CPU = Release|Any CPU
	EndGlobalSection
	GlobalSection(ProjectConfigurationPlatforms) = postSolution
		{8F12F23F-B43E-46B8-B371-9EBC5A90A476}.Debug|Any CPU.ActiveCfg = Debug|Any CPU
		{8F12F23F-B43E-46B8-B371-9EBC5A90A476}.Debug|Any CPU.Build.0 = Debug|Any CPU
		{8F12F23F-B43E-46B8-B371-9EBC5A90A476}.Release|Any CPU.ActiveCfg = Release|Any CPU
		{8F12F23F-B43E-46B8-B371-9EBC5A90A476}.Release|Any CPU.Build.0 = Release|Any CPU
		{41DBD31A-D61A-4C61-908F-4D045DAF3411}.Debug|Any CPU.ActiveCfg = Debug|Any CPU
		{41DBD31A-D61A-4C61-908F-4D045DAF3411}.Debug|Any CPU.Build.0 = Debug|Any CPU
		{41DBD31A-D61A-4C61-908F-4D045DAF3411}.Release|Any CPU.ActiveCfg = Release|Any CPU
		{41DBD31A-D61A-4C61-908F-4D045DAF3411}.Release|Any CPU.Build.0 = Release|Any CPU
		{121D8898-2506-4351-9B19-5E7D740A7A2A}.Debug|Any CPU.ActiveCfg = Debug|Any CPU
		{121D8898-2506-4351-9B19-5E7D740A7A2A}.Debug|Any CPU.Build.0 = Debug|Any CPU
		{121D8898-2506-4351-9B19-5E7D740A7A2A}.Release|Any CPU.ActiveCfg = Release|Any CPU
		{121D8898-2506-4351-9B19-5E7D740A7A2A}.Release|Any CPU.Build.0 = Release|Any CPU
		{7C487A98-E166-449A-8B8A-688B258BEDFC}.Debug|Any CPU.ActiveCfg = Debug|Any CPU
		{7C487A98-E166-449A-8B8A-688B258BEDFC}.Debug|Any CPU.Build.0 = Debug|Any CPU
		{7C487A98-E166-449A-8B8A-688B258BEDFC}.Release|Any CPU.ActiveCfg = Release|Any CPU
		{7C487A98-E166-449A-8B8A-688B258BEDFC}.Release|Any CPU.Build.0 = Release|Any CPU
		{94D3589B-9D7F-4A53-830A-21DDEDF2BA34}.Debug|Any CPU.ActiveCfg = Debug|Any CPU
		{94D3589B-9D7F-4A53-830A-21DDEDF2BA34}.Debug|Any CPU.Build.0 = Debug|Any CPU
		{94D3589B-9D7F-4A53-830A-21DDEDF2BA34}.Release|Any CPU.ActiveCfg = Release|Any CPU
		{94D3589B-9D7F-4A53-830A-21DDEDF2BA34}.Release|Any CPU.Build.0 = Release|Any CPU
		{75C076F6-BA10-4D02-8FE8-A67D8450909F}.Debug|Any CPU.ActiveCfg = Debug|Any CPU
		{75C076F6-BA10-4D02-8FE8-A67D8450909F}.Debug|Any CPU.Build.0 = Debug|Any CPU
		{75C076F6-BA10-4D02-8FE8-A67D8450909F}.Release|Any CPU.ActiveCfg = Release|Any CPU
		{75C076F6-BA10-4D02-8FE8-A67D8450909F}.Release|Any CPU.Build.0 = Release|Any CPU
		{12DD17DB-6CC0-4835-A0CC-F6F62142B06B}.Debug|Any CPU.ActiveCfg = Debug|Any CPU
		{12DD17DB-6CC0-4835-A0CC-F6F62142B06B}.Debug|Any CPU.Build.0 = Debug|Any CPU
		{12DD17DB-6CC0-4835-A0CC-F6F62142B06B}.Release|Any CPU.ActiveCfg = Release|Any CPU
		{12DD17DB-6CC0-4835-A0CC-F6F62142B06B}.Release|Any CPU.Build.0 = Release|Any CPU
		{9FBE092B-71EB-451B-B4B4-C70ABFA5A4F3}.Debug|Any CPU.ActiveCfg = Debug|Any CPU
		{9FBE092B-71EB-451B-B4B4-C70ABFA5A4F3}.Debug|Any CPU.Build.0 = Debug|Any CPU
		{9FBE092B-71EB-451B-B4B4-C70ABFA5A4F3}.Release|Any CPU.ActiveCfg = Release|Any CPU
		{9FBE092B-71EB-451B-B4B4-C70ABFA5A4F3}.Release|Any CPU.Build.0 = Release|Any CPU
		{D8591150-E2BD-42EB-A1C9-AF2392FBDEE6}.Debug|Any CPU.ActiveCfg = Debug|Any CPU
		{D8591150-E2BD-42EB-A1C9-AF2392FBDEE6}.Debug|Any CPU.Build.0 = Debug|Any CPU
		{D8591150-E2BD-42EB-A1C9-AF2392FBDEE6}.Release|Any CPU.ActiveCfg = Release|Any CPU
		{D8591150-E2BD-42EB-A1C9-AF2392FBDEE6}.Release|Any CPU.Build.0 = Release|Any CPU
		{28E23309-BF59-4227-A07E-AB05FED028AA}.Debug|Any CPU.ActiveCfg = Debug|Any CPU
		{28E23309-BF59-4227-A07E-AB05FED028AA}.Debug|Any CPU.Build.0 = Debug|Any CPU
		{28E23309-BF59-4227-A07E-AB05FED028AA}.Release|Any CPU.ActiveCfg = Release|Any CPU
		{28E23309-BF59-4227-A07E-AB05FED028AA}.Release|Any CPU.Build.0 = Release|Any CPU
		{DFC4AAE8-B8EC-4EBE-A564-B2DE73111E47}.Debug|Any CPU.ActiveCfg = Debug|Any CPU
		{DFC4AAE8-B8EC-4EBE-A564-B2DE73111E47}.Debug|Any CPU.Build.0 = Debug|Any CPU
		{DFC4AAE8-B8EC-4EBE-A564-B2DE73111E47}.Release|Any CPU.ActiveCfg = Release|Any CPU
		{DFC4AAE8-B8EC-4EBE-A564-B2DE73111E47}.Release|Any CPU.Build.0 = Release|Any CPU
		{1DE0824F-77E7-419E-8071-44A4FE718208}.Debug|Any CPU.ActiveCfg = Debug|Any CPU
		{1DE0824F-77E7-419E-8071-44A4FE718208}.Debug|Any CPU.Build.0 = Debug|Any CPU
		{1DE0824F-77E7-419E-8071-44A4FE718208}.Release|Any CPU.ActiveCfg = Release|Any CPU
		{1DE0824F-77E7-419E-8071-44A4FE718208}.Release|Any CPU.Build.0 = Release|Any CPU
		{1A434F40-FBFD-4C2B-9E86-34664342BB27}.Debug|Any CPU.ActiveCfg = Debug|Any CPU
		{1A434F40-FBFD-4C2B-9E86-34664342BB27}.Debug|Any CPU.Build.0 = Debug|Any CPU
		{1A434F40-FBFD-4C2B-9E86-34664342BB27}.Release|Any CPU.ActiveCfg = Release|Any CPU
		{1A434F40-FBFD-4C2B-9E86-34664342BB27}.Release|Any CPU.Build.0 = Release|Any CPU
		{DD32B680-FEC4-404B-AE8D-8317B17359AD}.Debug|Any CPU.ActiveCfg = Debug|Any CPU
		{DD32B680-FEC4-404B-AE8D-8317B17359AD}.Debug|Any CPU.Build.0 = Debug|Any CPU
		{DD32B680-FEC4-404B-AE8D-8317B17359AD}.Release|Any CPU.ActiveCfg = Release|Any CPU
		{DD32B680-FEC4-404B-AE8D-8317B17359AD}.Release|Any CPU.Build.0 = Release|Any CPU
	EndGlobalSection
	GlobalSection(SolutionProperties) = preSolution
		HideSolutionNode = FALSE
	EndGlobalSection
EndGlobal
